
Microsoft Visual Studio Solution File, Format Version 12.00
# Visual Studio Version 17
VisualStudioVersion = 17.0.31912.275
MinimumVisualStudioVersion = 10.0.40219.1
Project("{8BC9CEB8-8B4A-11D0-8D11-00A0C91BC942}") = "coolsb", "ext\coolsb\coolsb.vcxproj", "{22B28D94-8FB7-484F-AD33-B3F2BD25351F}"
EndProject
Project("{2150E333-8FDC-42A3-9474-1A3956D46DE8}") = "Setup", "Setup", "{3B89F19A-74E2-4A5D-B1E4-8C7E56E0BA89}"
	ProjectSection(SolutionItems) = preProject
		src\Setup\AppXManifest.xml.in = src\Setup\AppXManifest.xml.in
		src\Setup\setup.build = src\Setup\setup.build
		src\Setup\Setup.wxs = src\Setup\Setup.wxs
		src\Setup\Setup64.wxs = src\Setup\Setup64.wxs
		src\Setup\VersionNumberInclude.in.wxi = src\Setup\VersionNumberInclude.in.wxi
	EndProjectSection
EndProject
Project("{2150E333-8FDC-42A3-9474-1A3956D46DE8}") = "Build", "Build", "{FA983034-B76F-4BDF-BAB0-569312EA0949}"
	ProjectSection(SolutionItems) = preProject
		default.build = default.build
		default.build.user = default.build.user
		default.build.user.tmpl = default.build.user.tmpl
		version.build.in = version.build.in
		versioninfo.build = versioninfo.build
	EndProjectSection
EndProject
Project("{8BC9CEB8-8B4A-11D0-8D11-00A0C91BC942}") = "ResourceDll", "src\ResourceDll.vcxproj", "{26DD7834-6269-413C-960A-AA7CCB72243C}"
EndProject
Project("{8BC9CEB8-8B4A-11D0-8D11-00A0C91BC942}") = "editorconfig", "ext\editorconfig-core\editorconfig.vcxproj", "{DDECDF19-8125-4EFE-BF88-72A61AF8FF4B}"
EndProject
Project("{8BC9CEB8-8B4A-11D0-8D11-00A0C91BC942}") = "BowPad", "src\BowPad.vcxproj", "{F767677D-B0FE-4C4F-B886-09E501C543B2}"
EndProject
Project("{8BC9CEB8-8B4A-11D0-8D11-00A0C91BC942}") = "Scintilla", "ext\scintilla\Scintilla.vcxproj", "{5877B917-512B-49F5-B514-1B4159E7A9CA}"
EndProject
Project("{8BC9CEB8-8B4A-11D0-8D11-00A0C91BC942}") = "CustomActions", "src\Setup\CustomActions\CustomActions.vcxproj", "{454D5FCC-E25A-4B45-9CA2-01ABB0FA5181}"
EndProject
Project("{8BC9CEB8-8B4A-11D0-8D11-00A0C91BC942}") = "ExplorerCommandVerb", "src\ExplorerCommandVerb\ExplorerCommandVerb.vcxproj", "{585A1606-DC66-49BA-BFFB-E6F0B63A66BF}"
EndProject
Project("{8BC9CEB8-8B4A-11D0-8D11-00A0C91BC942}") = "uchardet", "ext\uchardet.vcxproj", "{EDDB4F3C-6553-462B-8A75-96427C2D5155}"
EndProject
Global
	GlobalSection(SolutionConfigurationPlatforms) = preSolution
		Debug|Any CPU = Debug|Any CPU
		Debug|ARM = Debug|ARM
		Debug|ARM64 = Debug|ARM64
		Debug|Win32 = Debug|Win32
		Debug|x64 = Debug|x64
		Release|Any CPU = Release|Any CPU
		Release|ARM = Release|ARM
		Release|ARM64 = Release|ARM64
		Release|Win32 = Release|Win32
		Release|x64 = Release|x64
	EndGlobalSection
	GlobalSection(ProjectConfigurationPlatforms) = postSolution
		{22B28D94-8FB7-484F-AD33-B3F2BD25351F}.Debug|Any CPU.ActiveCfg = Debug|Win32
		{22B28D94-8FB7-484F-AD33-B3F2BD25351F}.Debug|ARM.ActiveCfg = Debug|Win32
		{22B28D94-8FB7-484F-AD33-B3F2BD25351F}.Debug|ARM64.ActiveCfg = Release|ARM64
		{22B28D94-8FB7-484F-AD33-B3F2BD25351F}.Debug|Win32.ActiveCfg = Debug|Win32
		{22B28D94-8FB7-484F-AD33-B3F2BD25351F}.Debug|Win32.Build.0 = Debug|Win32
		{22B28D94-8FB7-484F-AD33-B3F2BD25351F}.Debug|x64.ActiveCfg = Debug|x64
		{22B28D94-8FB7-484F-AD33-B3F2BD25351F}.Debug|x64.Build.0 = Debug|x64
		{22B28D94-8FB7-484F-AD33-B3F2BD25351F}.Release|Any CPU.ActiveCfg = Release|Win32
		{22B28D94-8FB7-484F-AD33-B3F2BD25351F}.Release|ARM.ActiveCfg = Release|Win32
		{22B28D94-8FB7-484F-AD33-B3F2BD25351F}.Release|ARM.Build.0 = Release|Win32
		{22B28D94-8FB7-484F-AD33-B3F2BD25351F}.Release|ARM64.ActiveCfg = Release|ARM64
		{22B28D94-8FB7-484F-AD33-B3F2BD25351F}.Release|ARM64.Build.0 = Release|ARM64
		{22B28D94-8FB7-484F-AD33-B3F2BD25351F}.Release|Win32.ActiveCfg = Release|Win32
		{22B28D94-8FB7-484F-AD33-B3F2BD25351F}.Release|Win32.Build.0 = Release|Win32
		{22B28D94-8FB7-484F-AD33-B3F2BD25351F}.Release|x64.ActiveCfg = Release|x64
		{22B28D94-8FB7-484F-AD33-B3F2BD25351F}.Release|x64.Build.0 = Release|x64
		{26DD7834-6269-413C-960A-AA7CCB72243C}.Debug|Any CPU.ActiveCfg = Debug|Win32
		{26DD7834-6269-413C-960A-AA7CCB72243C}.Debug|ARM.ActiveCfg = Debug|Win32
		{26DD7834-6269-413C-960A-AA7CCB72243C}.Debug|ARM64.ActiveCfg = Release|ARM64
		{26DD7834-6269-413C-960A-AA7CCB72243C}.Debug|Win32.ActiveCfg = Debug|Win32
		{26DD7834-6269-413C-960A-AA7CCB72243C}.Debug|Win32.Build.0 = Debug|Win32
		{26DD7834-6269-413C-960A-AA7CCB72243C}.Debug|x64.ActiveCfg = Debug|x64
		{26DD7834-6269-413C-960A-AA7CCB72243C}.Release|Any CPU.ActiveCfg = Release|Win32
		{26DD7834-6269-413C-960A-AA7CCB72243C}.Release|ARM.ActiveCfg = Release|Win32
		{26DD7834-6269-413C-960A-AA7CCB72243C}.Release|ARM64.ActiveCfg = Release|ARM64
		{26DD7834-6269-413C-960A-AA7CCB72243C}.Release|Win32.ActiveCfg = Release|Win32
		{26DD7834-6269-413C-960A-AA7CCB72243C}.Release|Win32.Build.0 = Release|Win32
		{26DD7834-6269-413C-960A-AA7CCB72243C}.Release|x64.ActiveCfg = Release|x64
		{26DD7834-6269-413C-960A-AA7CCB72243C}.Release|x64.Build.0 = Release|x64
		{DDECDF19-8125-4EFE-BF88-72A61AF8FF4B}.Debug|Any CPU.ActiveCfg = Debug|Win32
		{DDECDF19-8125-4EFE-BF88-72A61AF8FF4B}.Debug|ARM.ActiveCfg = Debug|Win32
		{DDECDF19-8125-4EFE-BF88-72A61AF8FF4B}.Debug|ARM64.ActiveCfg = Release|ARM64
		{DDECDF19-8125-4EFE-BF88-72A61AF8FF4B}.Debug|Win32.ActiveCfg = Debug|Win32
		{DDECDF19-8125-4EFE-BF88-72A61AF8FF4B}.Debug|Win32.Build.0 = Debug|Win32
		{DDECDF19-8125-4EFE-BF88-72A61AF8FF4B}.Debug|x64.ActiveCfg = Debug|x64
		{DDECDF19-8125-4EFE-BF88-72A61AF8FF4B}.Debug|x64.Build.0 = Debug|x64
		{DDECDF19-8125-4EFE-BF88-72A61AF8FF4B}.Release|Any CPU.ActiveCfg = Release|Win32
		{DDECDF19-8125-4EFE-BF88-72A61AF8FF4B}.Release|ARM.ActiveCfg = Release|Win32
		{DDECDF19-8125-4EFE-BF88-72A61AF8FF4B}.Release|ARM.Build.0 = Release|Win32
		{DDECDF19-8125-4EFE-BF88-72A61AF8FF4B}.Release|ARM64.ActiveCfg = Release|ARM64
		{DDECDF19-8125-4EFE-BF88-72A61AF8FF4B}.Release|ARM64.Build.0 = Release|ARM64
		{DDECDF19-8125-4EFE-BF88-72A61AF8FF4B}.Release|Win32.ActiveCfg = Release|Win32
		{DDECDF19-8125-4EFE-BF88-72A61AF8FF4B}.Release|Win32.Build.0 = Release|Win32
		{DDECDF19-8125-4EFE-BF88-72A61AF8FF4B}.Release|x64.ActiveCfg = Release|x64
		{DDECDF19-8125-4EFE-BF88-72A61AF8FF4B}.Release|x64.Build.0 = Release|x64
		{F767677D-B0FE-4C4F-B886-09E501C543B2}.Debug|Any CPU.ActiveCfg = Debug|Win32
		{F767677D-B0FE-4C4F-B886-09E501C543B2}.Debug|ARM.ActiveCfg = Debug|Win32
		{F767677D-B0FE-4C4F-B886-09E501C543B2}.Debug|ARM64.ActiveCfg = Release|ARM64
		{F767677D-B0FE-4C4F-B886-09E501C543B2}.Debug|Win32.ActiveCfg = Debug|Win32
		{F767677D-B0FE-4C4F-B886-09E501C543B2}.Debug|Win32.Build.0 = Debug|Win32
		{F767677D-B0FE-4C4F-B886-09E501C543B2}.Debug|Win32.Deploy.0 = Debug|Win32
		{F767677D-B0FE-4C4F-B886-09E501C543B2}.Debug|x64.ActiveCfg = Debug|x64
		{F767677D-B0FE-4C4F-B886-09E501C543B2}.Debug|x64.Build.0 = Debug|x64
		{F767677D-B0FE-4C4F-B886-09E501C543B2}.Debug|x64.Deploy.0 = Debug|x64
		{F767677D-B0FE-4C4F-B886-09E501C543B2}.Release|Any CPU.ActiveCfg = Release|Win32
		{F767677D-B0FE-4C4F-B886-09E501C543B2}.Release|ARM.ActiveCfg = Release|Win32
		{F767677D-B0FE-4C4F-B886-09E501C543B2}.Release|ARM.Build.0 = Release|Win32
		{F767677D-B0FE-4C4F-B886-09E501C543B2}.Release|ARM64.ActiveCfg = Release|ARM64
		{F767677D-B0FE-4C4F-B886-09E501C543B2}.Release|ARM64.Build.0 = Release|ARM64
		{F767677D-B0FE-4C4F-B886-09E501C543B2}.Release|Win32.ActiveCfg = Release|Win32
		{F767677D-B0FE-4C4F-B886-09E501C543B2}.Release|Win32.Build.0 = Release|Win32
		{F767677D-B0FE-4C4F-B886-09E501C543B2}.Release|Win32.Deploy.0 = Release|Win32
		{F767677D-B0FE-4C4F-B886-09E501C543B2}.Release|x64.ActiveCfg = Release|x64
		{F767677D-B0FE-4C4F-B886-09E501C543B2}.Release|x64.Build.0 = Release|x64
		{F767677D-B0FE-4C4F-B886-09E501C543B2}.Release|x64.Deploy.0 = Release|x64
		{5877B917-512B-49F5-B514-1B4159E7A9CA}.Debug|Any CPU.ActiveCfg = Debug|Win32
		{5877B917-512B-49F5-B514-1B4159E7A9CA}.Debug|ARM.ActiveCfg = Debug|Win32
		{5877B917-512B-49F5-B514-1B4159E7A9CA}.Debug|ARM64.ActiveCfg = Debug|ARM64
		{5877B917-512B-49F5-B514-1B4159E7A9CA}.Debug|ARM64.Build.0 = Debug|ARM64
		{5877B917-512B-49F5-B514-1B4159E7A9CA}.Debug|Win32.ActiveCfg = Debug|Win32
		{5877B917-512B-49F5-B514-1B4159E7A9CA}.Debug|Win32.Build.0 = Debug|Win32
		{5877B917-512B-49F5-B514-1B4159E7A9CA}.Debug|x64.ActiveCfg = Debug|x64
		{5877B917-512B-49F5-B514-1B4159E7A9CA}.Debug|x64.Build.0 = Debug|x64
		{5877B917-512B-49F5-B514-1B4159E7A9CA}.Release|Any CPU.ActiveCfg = Release|Win32
		{5877B917-512B-49F5-B514-1B4159E7A9CA}.Release|ARM.ActiveCfg = Release|Win32
		{5877B917-512B-49F5-B514-1B4159E7A9CA}.Release|ARM.Build.0 = Release|Win32
		{5877B917-512B-49F5-B514-1B4159E7A9CA}.Release|ARM64.ActiveCfg = Release|ARM64
		{5877B917-512B-49F5-B514-1B4159E7A9CA}.Release|ARM64.Build.0 = Release|ARM64
		{5877B917-512B-49F5-B514-1B4159E7A9CA}.Release|Win32.ActiveCfg = Release|Win32
		{5877B917-512B-49F5-B514-1B4159E7A9CA}.Release|Win32.Build.0 = Release|Win32
		{5877B917-512B-49F5-B514-1B4159E7A9CA}.Release|x64.ActiveCfg = Release|x64
		{5877B917-512B-49F5-B514-1B4159E7A9CA}.Release|x64.Build.0 = Release|x64
		{454D5FCC-E25A-4B45-9CA2-01ABB0FA5181}.Debug|Any CPU.ActiveCfg = Release|x64
		{454D5FCC-E25A-4B45-9CA2-01ABB0FA5181}.Debug|Any CPU.Build.0 = Release|x64
		{454D5FCC-E25A-4B45-9CA2-01ABB0FA5181}.Debug|ARM.ActiveCfg = Release|x64
		{454D5FCC-E25A-4B45-9CA2-01ABB0FA5181}.Debug|ARM.Build.0 = Release|x64
		{454D5FCC-E25A-4B45-9CA2-01ABB0FA5181}.Debug|ARM64.ActiveCfg = Release|Win32
		{454D5FCC-E25A-4B45-9CA2-01ABB0FA5181}.Debug|ARM64.Build.0 = Release|Win32
		{454D5FCC-E25A-4B45-9CA2-01ABB0FA5181}.Debug|Win32.ActiveCfg = Release|Win32
		{454D5FCC-E25A-4B45-9CA2-01ABB0FA5181}.Debug|Win32.Build.0 = Release|Win32
		{454D5FCC-E25A-4B45-9CA2-01ABB0FA5181}.Debug|x64.ActiveCfg = Release|x64
		{454D5FCC-E25A-4B45-9CA2-01ABB0FA5181}.Debug|x64.Build.0 = Release|x64
		{454D5FCC-E25A-4B45-9CA2-01ABB0FA5181}.Release|Any CPU.ActiveCfg = Release|Win32
		{454D5FCC-E25A-4B45-9CA2-01ABB0FA5181}.Release|ARM.ActiveCfg = Release|Win32
		{454D5FCC-E25A-4B45-9CA2-01ABB0FA5181}.Release|ARM.Build.0 = Release|Win32
		{454D5FCC-E25A-4B45-9CA2-01ABB0FA5181}.Release|ARM64.ActiveCfg = Release|Win32
		{454D5FCC-E25A-4B45-9CA2-01ABB0FA5181}.Release|Win32.ActiveCfg = Release|Win32
		{454D5FCC-E25A-4B45-9CA2-01ABB0FA5181}.Release|Win32.Build.0 = Release|Win32
		{454D5FCC-E25A-4B45-9CA2-01ABB0FA5181}.Release|x64.ActiveCfg = Release|x64
		{454D5FCC-E25A-4B45-9CA2-01ABB0FA5181}.Release|x64.Build.0 = Release|x64
		{585A1606-DC66-49BA-BFFB-E6F0B63A66BF}.Debug|Any CPU.ActiveCfg = Debug|Win32
		{585A1606-DC66-49BA-BFFB-E6F0B63A66BF}.Debug|ARM.ActiveCfg = Debug|Win32
		{585A1606-DC66-49BA-BFFB-E6F0B63A66BF}.Debug|ARM64.ActiveCfg = Debug|Win32
		{585A1606-DC66-49BA-BFFB-E6F0B63A66BF}.Debug|Win32.ActiveCfg = Debug|Win32
		{585A1606-DC66-49BA-BFFB-E6F0B63A66BF}.Debug|Win32.Build.0 = Debug|Win32
		{585A1606-DC66-49BA-BFFB-E6F0B63A66BF}.Debug|x64.ActiveCfg = Debug|x64
		{585A1606-DC66-49BA-BFFB-E6F0B63A66BF}.Debug|x64.Build.0 = Debug|x64
		{585A1606-DC66-49BA-BFFB-E6F0B63A66BF}.Release|Any CPU.ActiveCfg = Release|Win32
		{585A1606-DC66-49BA-BFFB-E6F0B63A66BF}.Release|ARM.ActiveCfg = Release|Win32
		{585A1606-DC66-49BA-BFFB-E6F0B63A66BF}.Release|ARM64.ActiveCfg = Release|Win32
		{585A1606-DC66-49BA-BFFB-E6F0B63A66BF}.Release|Win32.ActiveCfg = Release|Win32
		{585A1606-DC66-49BA-BFFB-E6F0B63A66BF}.Release|Win32.Build.0 = Release|Win32
		{585A1606-DC66-49BA-BFFB-E6F0B63A66BF}.Release|x64.ActiveCfg = Release|x64
		{585A1606-DC66-49BA-BFFB-E6F0B63A66BF}.Release|x64.Build.0 = Release|x64
		{EDDB4F3C-6553-462B-8A75-96427C2D5155}.Debug|Any CPU.ActiveCfg = Debug|x64
		{EDDB4F3C-6553-462B-8A75-96427C2D5155}.Debug|Any CPU.Build.0 = Debug|x64
		{EDDB4F3C-6553-462B-8A75-96427C2D5155}.Debug|ARM.ActiveCfg = Debug|x64
		{EDDB4F3C-6553-462B-8A75-96427C2D5155}.Debug|ARM.Build.0 = Debug|x64
		{EDDB4F3C-6553-462B-8A75-96427C2D5155}.Debug|ARM64.ActiveCfg = Debug|ARM64
		{EDDB4F3C-6553-462B-8A75-96427C2D5155}.Debug|ARM64.Build.0 = Debug|ARM64
		{EDDB4F3C-6553-462B-8A75-96427C2D5155}.Debug|Win32.ActiveCfg = Debug|Win32
		{EDDB4F3C-6553-462B-8A75-96427C2D5155}.Debug|Win32.Build.0 = Debug|Win32
		{EDDB4F3C-6553-462B-8A75-96427C2D5155}.Debug|x64.ActiveCfg = Debug|x64
		{EDDB4F3C-6553-462B-8A75-96427C2D5155}.Debug|x64.Build.0 = Debug|x64
		{EDDB4F3C-6553-462B-8A75-96427C2D5155}.Release|Any CPU.ActiveCfg = Release|x64
		{EDDB4F3C-6553-462B-8A75-96427C2D5155}.Release|Any CPU.Build.0 = Release|x64
		{EDDB4F3C-6553-462B-8A75-96427C2D5155}.Release|ARM.ActiveCfg = Release|x64
		{EDDB4F3C-6553-462B-8A75-96427C2D5155}.Release|ARM.Build.0 = Release|x64
		{EDDB4F3C-6553-462B-8A75-96427C2D5155}.Release|ARM64.ActiveCfg = Release|ARM64
		{EDDB4F3C-6553-462B-8A75-96427C2D5155}.Release|ARM64.Build.0 = Release|ARM64
		{EDDB4F3C-6553-462B-8A75-96427C2D5155}.Release|Win32.ActiveCfg = Release|Win32
		{EDDB4F3C-6553-462B-8A75-96427C2D5155}.Release|Win32.Build.0 = Release|Win32
		{EDDB4F3C-6553-462B-8A75-96427C2D5155}.Release|x64.ActiveCfg = Release|x64
		{EDDB4F3C-6553-462B-8A75-96427C2D5155}.Release|x64.Build.0 = Release|x64
	EndGlobalSection
	GlobalSection(SolutionProperties) = preSolution
		HideSolutionNode = FALSE
	EndGlobalSection
	GlobalSection(NestedProjects) = preSolution
		{454D5FCC-E25A-4B45-9CA2-01ABB0FA5181} = {3B89F19A-74E2-4A5D-B1E4-8C7E56E0BA89}
	EndGlobalSection
	GlobalSection(ExtensibilityGlobals) = postSolution
		SolutionGuid = {9903F637-1D84-4E39-BEF2-D95A26F50445}
	EndGlobalSection
EndGlobal
