<?xml version="1.0" encoding="utf-8"?>
<Project ToolsVersion="4.0" xmlns="http://schemas.microsoft.com/developer/msbuild/2003">
  <ItemGroup>
    <Filter Include="Scintilla">
      <UniqueIdentifier>{43be0206-e3ae-4b04-86aa-e7ef9719db99}</UniqueIdentifier>
    </Filter>
    <Filter Include="Lexilla">
      <UniqueIdentifier>{21c48415-e02a-46f1-b9d6-4417f2733592}</UniqueIdentifier>
    </Filter>
    <Filter Include="Lexilla\include">
      <UniqueIdentifier>{8ad0388b-895e-4f40-974e-4b81f93562c0}</UniqueIdentifier>
    </Filter>
    <Filter Include="Lexilla\lexers">
      <UniqueIdentifier>{fa3d9561-51b6-4f68-be1e-e3a03b82da89}</UniqueIdentifier>
    </Filter>
    <Filter Include="Lexilla\lexlib">
      <UniqueIdentifier>{5ef688d5-b560-4517-b545-404caa3441a7}</UniqueIdentifier>
    </Filter>
    <Filter Include="Lexilla\src">
      <UniqueIdentifier>{96b3a074-be0d-4e94-a3b9-ec3664b853cf}</UniqueIdentifier>
    </Filter>
    <Filter Include="Scintilla\include">
      <UniqueIdentifier>{e0bb22f0-3445-49c1-a334-dad739c03d5f}</UniqueIdentifier>
    </Filter>
    <Filter Include="Scintilla\src">
      <UniqueIdentifier>{1f387593-c234-493a-9529-bc0ba4bb27de}</UniqueIdentifier>
    </Filter>
    <Filter Include="Scintilla\win32">
      <UniqueIdentifier>{9b3cbc39-882b-4747-b6a0-c256fbfc894d}</UniqueIdentifier>
    </Filter>
    <Filter Include="Scintilla\call">
      <UniqueIdentifier>{a96c490f-3132-44c0-97b8-504fb2c648ab}</UniqueIdentifier>
    </Filter>
  </ItemGroup>
  <ItemGroup>
    <ClInclude Include="..\lexilla\include\Lexilla.h">
      <Filter>Lexilla\include</Filter>
    </ClInclude>
    <ClInclude Include="..\lexilla\include\SciLexer.h">
      <Filter>Lexilla\include</Filter>
    </ClInclude>
    <ClInclude Include="..\lexilla\lexlib\CharacterSet.h">
      <Filter>Lexilla\lexlib</Filter>
    </ClInclude>
    <ClInclude Include="..\lexilla\lexlib\DefaultLexer.h">
      <Filter>Lexilla\lexlib</Filter>
    </ClInclude>
    <ClInclude Include="..\lexilla\lexlib\LexAccessor.h">
      <Filter>Lexilla\lexlib</Filter>
    </ClInclude>
    <ClInclude Include="..\lexilla\lexlib\LexerBase.h">
      <Filter>Lexilla\lexlib</Filter>
    </ClInclude>
    <ClInclude Include="..\lexilla\lexlib\LexerModule.h">
      <Filter>Lexilla\lexlib</Filter>
    </ClInclude>
    <ClInclude Include="..\lexilla\lexlib\LexerNoExceptions.h">
      <Filter>Lexilla\lexlib</Filter>
    </ClInclude>
    <ClInclude Include="..\lexilla\lexlib\LexerSimple.h">
      <Filter>Lexilla\lexlib</Filter>
    </ClInclude>
    <ClInclude Include="..\lexilla\lexlib\OptionSet.h">
      <Filter>Lexilla\lexlib</Filter>
    </ClInclude>
    <ClInclude Include="..\lexilla\lexlib\PropSetSimple.h">
      <Filter>Lexilla\lexlib</Filter>
    </ClInclude>
    <ClInclude Include="..\lexilla\lexlib\SparseState.h">
      <Filter>Lexilla\lexlib</Filter>
    </ClInclude>
    <ClInclude Include="..\lexilla\lexlib\StringCopy.h">
      <Filter>Lexilla\lexlib</Filter>
    </ClInclude>
    <ClInclude Include="..\lexilla\lexlib\StyleContext.h">
      <Filter>Lexilla\lexlib</Filter>
    </ClInclude>
    <ClInclude Include="..\lexilla\lexlib\SubStyles.h">
      <Filter>Lexilla\lexlib</Filter>
    </ClInclude>
    <ClInclude Include="..\lexilla\lexlib\WordList.h">
      <Filter>Lexilla\lexlib</Filter>
    </ClInclude>
    <ClInclude Include="..\lexilla\lexlib\Accessor.h">
      <Filter>Lexilla\lexlib</Filter>
    </ClInclude>
    <ClInclude Include="..\lexilla\lexlib\CatalogueModules.h">
      <Filter>Lexilla\lexlib</Filter>
    </ClInclude>
    <ClInclude Include="..\lexilla\lexlib\CharacterCategory.h">
      <Filter>Lexilla\lexlib</Filter>
    </ClInclude>
    <ClInclude Include="include\Scintilla.h">
      <Filter>Scintilla\include</Filter>
    </ClInclude>
    <ClInclude Include="include\ScintillaWidget.h">
      <Filter>Scintilla\include</Filter>
    </ClInclude>
    <ClInclude Include="include\ILexer.h">
      <Filter>Scintilla\include</Filter>
    </ClInclude>
    <ClInclude Include="include\ILoader.h">
      <Filter>Scintilla\include</Filter>
    </ClInclude>
    <ClInclude Include="include\Sci_Position.h">
      <Filter>Scintilla\include</Filter>
    </ClInclude>
    <ClInclude Include="src\ScintillaBase.h">
      <Filter>Scintilla\src</Filter>
    </ClInclude>
    <ClInclude Include="src\Selection.h">
      <Filter>Scintilla\src</Filter>
    </ClInclude>
    <ClInclude Include="src\SparseVector.h">
      <Filter>Scintilla\src</Filter>
    </ClInclude>
    <ClInclude Include="src\SplitVector.h">
      <Filter>Scintilla\src</Filter>
    </ClInclude>
    <ClInclude Include="src\Style.h">
      <Filter>Scintilla\src</Filter>
    </ClInclude>
    <ClInclude Include="src\UniConversion.h">
      <Filter>Scintilla\src</Filter>
    </ClInclude>
    <ClInclude Include="src\UniqueString.h">
      <Filter>Scintilla\src</Filter>
    </ClInclude>
    <ClInclude Include="src\ViewStyle.h">
      <Filter>Scintilla\src</Filter>
    </ClInclude>
    <ClInclude Include="src\XPM.h">
      <Filter>Scintilla\src</Filter>
    </ClInclude>
    <ClInclude Include="src\AutoComplete.h">
      <Filter>Scintilla\src</Filter>
    </ClInclude>
    <ClInclude Include="src\CallTip.h">
      <Filter>Scintilla\src</Filter>
    </ClInclude>
    <ClInclude Include="src\CaseConvert.h">
      <Filter>Scintilla\src</Filter>
    </ClInclude>
    <ClInclude Include="src\CaseFolder.h">
      <Filter>Scintilla\src</Filter>
    </ClInclude>
    <ClInclude Include="src\CellBuffer.h">
      <Filter>Scintilla\src</Filter>
    </ClInclude>
    <ClInclude Include="src\CharClassify.h">
      <Filter>Scintilla\src</Filter>
    </ClInclude>
    <ClInclude Include="src\ContractionState.h">
      <Filter>Scintilla\src</Filter>
    </ClInclude>
    <ClInclude Include="src\DBCS.h">
      <Filter>Scintilla\src</Filter>
    </ClInclude>
    <ClInclude Include="src\Debugging.h">
      <Filter>Scintilla\src</Filter>
    </ClInclude>
    <ClInclude Include="src\Decoration.h">
      <Filter>Scintilla\src</Filter>
    </ClInclude>
    <ClInclude Include="src\Document.h">
      <Filter>Scintilla\src</Filter>
    </ClInclude>
    <ClInclude Include="src\EditModel.h">
      <Filter>Scintilla\src</Filter>
    </ClInclude>
    <ClInclude Include="src\Editor.h">
      <Filter>Scintilla\src</Filter>
    </ClInclude>
    <ClInclude Include="src\EditView.h">
      <Filter>Scintilla\src</Filter>
    </ClInclude>
    <ClInclude Include="src\ElapsedPeriod.h">
      <Filter>Scintilla\src</Filter>
    </ClInclude>
    <ClInclude Include="src\Geometry.h">
      <Filter>Scintilla\src</Filter>
    </ClInclude>
    <ClInclude Include="src\Indicator.h">
      <Filter>Scintilla\src</Filter>
    </ClInclude>
    <ClInclude Include="src\KeyMap.h">
      <Filter>Scintilla\src</Filter>
    </ClInclude>
    <ClInclude Include="src\LineMarker.h">
      <Filter>Scintilla\src</Filter>
    </ClInclude>
    <ClInclude Include="src\MarginView.h">
      <Filter>Scintilla\src</Filter>
    </ClInclude>
    <ClInclude Include="src\Partitioning.h">
      <Filter>Scintilla\src</Filter>
    </ClInclude>
    <ClInclude Include="src\PerLine.h">
      <Filter>Scintilla\src</Filter>
    </ClInclude>
    <ClInclude Include="src\Platform.h">
      <Filter>Scintilla\src</Filter>
    </ClInclude>
    <ClInclude Include="src\Position.h">
      <Filter>Scintilla\src</Filter>
    </ClInclude>
    <ClInclude Include="src\PositionCache.h">
      <Filter>Scintilla\src</Filter>
    </ClInclude>
    <ClInclude Include="src\RESearch.h">
      <Filter>Scintilla\src</Filter>
    </ClInclude>
    <ClInclude Include="src\RunStyles.h">
      <Filter>Scintilla\src</Filter>
    </ClInclude>
    <ClInclude Include="win32\PlatWin.h">
      <Filter>Scintilla\win32</Filter>
    </ClInclude>
    <ClInclude Include="win32\ScintillaWin.h">
      <Filter>Scintilla\win32</Filter>
    </ClInclude>
    <ClInclude Include="win32\HanjaDic.h">
      <Filter>Scintilla\win32</Filter>
    </ClInclude>
    <ClInclude Include="include\ScintillaStructures.h">
      <Filter>Scintilla\include</Filter>
    </ClInclude>
    <ClInclude Include="include\ScintillaTypes.h">
      <Filter>Scintilla\include</Filter>
    </ClInclude>
    <ClInclude Include="include\ScintillaMessages.h">
      <Filter>Scintilla\include</Filter>
    </ClInclude>
    <ClInclude Include="src\CharacterCategoryMap.h">
      <Filter>Scintilla\src</Filter>
    </ClInclude>
    <ClInclude Include="src\CharacterType.h">
      <Filter>Scintilla\src</Filter>
    </ClInclude>
    <ClInclude Include="include\ScintillaCall.h">
      <Filter>Scintilla\include</Filter>
    </ClInclude>
    <ClInclude Include="win32\WinTypes.h">
      <Filter>Scintilla\win32</Filter>
    </ClInclude>
  </ItemGroup>
  <ItemGroup>
    <ClCompile Include="..\lexilla\lexers\LexSQL.cxx">
      <Filter>Lexilla\lexers</Filter>
    </ClCompile>
    <ClCompile Include="..\lexilla\lexers\LexStata.cxx">
      <Filter>Lexilla\lexers</Filter>
    </ClCompile>
    <ClCompile Include="..\lexilla\lexers\LexSTTXT.cxx">
      <Filter>Lexilla\lexers</Filter>
    </ClCompile>
    <ClCompile Include="..\lexilla\lexers\LexTACL.cxx">
      <Filter>Lexilla\lexers</Filter>
    </ClCompile>
    <ClCompile Include="..\lexilla\lexers\LexTADS3.cxx">
      <Filter>Lexilla\lexers</Filter>
    </ClCompile>
    <ClCompile Include="..\lexilla\lexers\LexTAL.cxx">
      <Filter>Lexilla\lexers</Filter>
    </ClCompile>
    <ClCompile Include="..\lexilla\lexers\LexTCL.cxx">
      <Filter>Lexilla\lexers</Filter>
    </ClCompile>
    <ClCompile Include="..\lexilla\lexers\LexTCMD.cxx">
      <Filter>Lexilla\lexers</Filter>
    </ClCompile>
    <ClCompile Include="..\lexilla\lexers\LexTeX.cxx">
      <Filter>Lexilla\lexers</Filter>
    </ClCompile>
    <ClCompile Include="..\lexilla\lexers\LexTxt2tags.cxx">
      <Filter>Lexilla\lexers</Filter>
    </ClCompile>
    <ClCompile Include="..\lexilla\lexers\LexVB.cxx">
      <Filter>Lexilla\lexers</Filter>
    </ClCompile>
    <ClCompile Include="..\lexilla\lexers\LexVerilog.cxx">
      <Filter>Lexilla\lexers</Filter>
    </ClCompile>
    <ClCompile Include="..\lexilla\lexers\LexVHDL.cxx">
      <Filter>Lexilla\lexers</Filter>
    </ClCompile>
    <ClCompile Include="..\lexilla\lexers\LexVisualProlog.cxx">
      <Filter>Lexilla\lexers</Filter>
    </ClCompile>
    <ClCompile Include="..\lexilla\lexers\LexX12.cxx">
      <Filter>Lexilla\lexers</Filter>
    </ClCompile>
    <ClCompile Include="..\lexilla\lexers\LexYAML.cxx">
      <Filter>Lexilla\lexers</Filter>
    </ClCompile>
    <ClCompile Include="..\lexilla\lexers\LexA68k.cxx">
      <Filter>Lexilla\lexers</Filter>
    </ClCompile>
    <ClCompile Include="..\lexilla\lexers\LexAbaqus.cxx">
      <Filter>Lexilla\lexers</Filter>
    </ClCompile>
    <ClCompile Include="..\lexilla\lexers\LexAda.cxx">
      <Filter>Lexilla\lexers</Filter>
    </ClCompile>
    <ClCompile Include="..\lexilla\lexers\LexAPDL.cxx">
      <Filter>Lexilla\lexers</Filter>
    </ClCompile>
    <ClCompile Include="..\lexilla\lexers\LexAsm.cxx">
      <Filter>Lexilla\lexers</Filter>
    </ClCompile>
    <ClCompile Include="..\lexilla\lexers\LexAsn1.cxx">
      <Filter>Lexilla\lexers</Filter>
    </ClCompile>
    <ClCompile Include="..\lexilla\lexers\LexASY.cxx">
      <Filter>Lexilla\lexers</Filter>
    </ClCompile>
    <ClCompile Include="..\lexilla\lexers\LexAU3.cxx">
      <Filter>Lexilla\lexers</Filter>
    </ClCompile>
    <ClCompile Include="..\lexilla\lexers\LexAVE.cxx">
      <Filter>Lexilla\lexers</Filter>
    </ClCompile>
    <ClCompile Include="..\lexilla\lexers\LexAVS.cxx">
      <Filter>Lexilla\lexers</Filter>
    </ClCompile>
    <ClCompile Include="..\lexilla\lexers\LexBaan.cxx">
      <Filter>Lexilla\lexers</Filter>
    </ClCompile>
    <ClCompile Include="..\lexilla\lexers\LexBash.cxx">
      <Filter>Lexilla\lexers</Filter>
    </ClCompile>
    <ClCompile Include="..\lexilla\lexers\LexBasic.cxx">
      <Filter>Lexilla\lexers</Filter>
    </ClCompile>
    <ClCompile Include="..\lexilla\lexers\LexBatch.cxx">
      <Filter>Lexilla\lexers</Filter>
    </ClCompile>
    <ClCompile Include="..\lexilla\lexers\LexBibTeX.cxx">
      <Filter>Lexilla\lexers</Filter>
    </ClCompile>
    <ClCompile Include="..\lexilla\lexers\LexBullant.cxx">
      <Filter>Lexilla\lexers</Filter>
    </ClCompile>
    <ClCompile Include="..\lexilla\lexers\LexCaml.cxx">
      <Filter>Lexilla\lexers</Filter>
    </ClCompile>
    <ClCompile Include="..\lexilla\lexers\LexCIL.cxx">
      <Filter>Lexilla\lexers</Filter>
    </ClCompile>
    <ClCompile Include="..\lexilla\lexers\LexCLW.cxx">
      <Filter>Lexilla\lexers</Filter>
    </ClCompile>
    <ClCompile Include="..\lexilla\lexers\LexCmake.cxx">
      <Filter>Lexilla\lexers</Filter>
    </ClCompile>
    <ClCompile Include="..\lexilla\lexers\LexCOBOL.cxx">
      <Filter>Lexilla\lexers</Filter>
    </ClCompile>
    <ClCompile Include="..\lexilla\lexers\LexCoffeeScript.cxx">
      <Filter>Lexilla\lexers</Filter>
    </ClCompile>
    <ClCompile Include="..\lexilla\lexers\LexConf.cxx">
      <Filter>Lexilla\lexers</Filter>
    </ClCompile>
    <ClCompile Include="..\lexilla\lexers\LexCPP.cxx">
      <Filter>Lexilla\lexers</Filter>
    </ClCompile>
    <ClCompile Include="..\lexilla\lexers\LexCrontab.cxx">
      <Filter>Lexilla\lexers</Filter>
    </ClCompile>
    <ClCompile Include="..\lexilla\lexers\LexCsound.cxx">
      <Filter>Lexilla\lexers</Filter>
    </ClCompile>
    <ClCompile Include="..\lexilla\lexers\LexCSS.cxx">
      <Filter>Lexilla\lexers</Filter>
    </ClCompile>
    <ClCompile Include="..\lexilla\lexers\LexD.cxx">
      <Filter>Lexilla\lexers</Filter>
    </ClCompile>
    <ClCompile Include="..\lexilla\lexers\LexDataflex.cxx">
      <Filter>Lexilla\lexers</Filter>
    </ClCompile>
    <ClCompile Include="..\lexilla\lexers\LexDiff.cxx">
      <Filter>Lexilla\lexers</Filter>
    </ClCompile>
    <ClCompile Include="..\lexilla\lexers\LexDMAP.cxx">
      <Filter>Lexilla\lexers</Filter>
    </ClCompile>
    <ClCompile Include="..\lexilla\lexers\LexDMIS.cxx">
      <Filter>Lexilla\lexers</Filter>
    </ClCompile>
    <ClCompile Include="..\lexilla\lexers\LexECL.cxx">
      <Filter>Lexilla\lexers</Filter>
    </ClCompile>
    <ClCompile Include="..\lexilla\lexers\LexEDIFACT.cxx">
      <Filter>Lexilla\lexers</Filter>
    </ClCompile>
    <ClCompile Include="..\lexilla\lexers\LexEiffel.cxx">
      <Filter>Lexilla\lexers</Filter>
    </ClCompile>
    <ClCompile Include="..\lexilla\lexers\LexErlang.cxx">
      <Filter>Lexilla\lexers</Filter>
    </ClCompile>
    <ClCompile Include="..\lexilla\lexers\LexErrorList.cxx">
      <Filter>Lexilla\lexers</Filter>
    </ClCompile>
    <ClCompile Include="..\lexilla\lexers\LexEScript.cxx">
      <Filter>Lexilla\lexers</Filter>
    </ClCompile>
    <ClCompile Include="..\lexilla\lexers\LexFlagship.cxx">
      <Filter>Lexilla\lexers</Filter>
    </ClCompile>
    <ClCompile Include="..\lexilla\lexers\LexForth.cxx">
      <Filter>Lexilla\lexers</Filter>
    </ClCompile>
    <ClCompile Include="..\lexilla\lexers\LexFortran.cxx">
      <Filter>Lexilla\lexers</Filter>
    </ClCompile>
    <ClCompile Include="..\lexilla\lexers\LexFSharp.cxx">
      <Filter>Lexilla\lexers</Filter>
    </ClCompile>
    <ClCompile Include="..\lexilla\lexers\LexGAP.cxx">
      <Filter>Lexilla\lexers</Filter>
    </ClCompile>
    <ClCompile Include="..\lexilla\lexers\LexGui4Cli.cxx">
      <Filter>Lexilla\lexers</Filter>
    </ClCompile>
    <ClCompile Include="..\lexilla\lexers\LexHaskell.cxx">
      <Filter>Lexilla\lexers</Filter>
    </ClCompile>
    <ClCompile Include="..\lexilla\lexers\LexHex.cxx">
      <Filter>Lexilla\lexers</Filter>
    </ClCompile>
    <ClCompile Include="..\lexilla\lexers\LexHollywood.cxx">
      <Filter>Lexilla\lexers</Filter>
    </ClCompile>
    <ClCompile Include="..\lexilla\lexers\LexHTML.cxx">
      <Filter>Lexilla\lexers</Filter>
    </ClCompile>
    <ClCompile Include="..\lexilla\lexers\LexIndent.cxx">
      <Filter>Lexilla\lexers</Filter>
    </ClCompile>
    <ClCompile Include="..\lexilla\lexers\LexInno.cxx">
      <Filter>Lexilla\lexers</Filter>
    </ClCompile>
    <ClCompile Include="..\lexilla\lexers\LexJSON.cxx">
      <Filter>Lexilla\lexers</Filter>
    </ClCompile>
    <ClCompile Include="..\lexilla\lexers\LexKix.cxx">
      <Filter>Lexilla\lexers</Filter>
    </ClCompile>
    <ClCompile Include="..\lexilla\lexers\LexKVIrc.cxx">
      <Filter>Lexilla\lexers</Filter>
    </ClCompile>
    <ClCompile Include="..\lexilla\lexers\LexLaTeX.cxx">
      <Filter>Lexilla\lexers</Filter>
    </ClCompile>
    <ClCompile Include="..\lexilla\lexers\LexLisp.cxx">
      <Filter>Lexilla\lexers</Filter>
    </ClCompile>
    <ClCompile Include="..\lexilla\lexers\LexLout.cxx">
      <Filter>Lexilla\lexers</Filter>
    </ClCompile>
    <ClCompile Include="..\lexilla\lexers\LexLua.cxx">
      <Filter>Lexilla\lexers</Filter>
    </ClCompile>
    <ClCompile Include="..\lexilla\lexers\LexMagik.cxx">
      <Filter>Lexilla\lexers</Filter>
    </ClCompile>
    <ClCompile Include="..\lexilla\lexers\LexMake.cxx">
      <Filter>Lexilla\lexers</Filter>
    </ClCompile>
    <ClCompile Include="..\lexilla\lexers\LexMarkdown.cxx">
      <Filter>Lexilla\lexers</Filter>
    </ClCompile>
    <ClCompile Include="..\lexilla\lexers\LexMatlab.cxx">
      <Filter>Lexilla\lexers</Filter>
    </ClCompile>
    <ClCompile Include="..\lexilla\lexers\LexMaxima.cxx">
      <Filter>Lexilla\lexers</Filter>
    </ClCompile>
    <ClCompile Include="..\lexilla\lexers\LexMetapost.cxx">
      <Filter>Lexilla\lexers</Filter>
    </ClCompile>
    <ClCompile Include="..\lexilla\lexers\LexMMIXAL.cxx">
      <Filter>Lexilla\lexers</Filter>
    </ClCompile>
    <ClCompile Include="..\lexilla\lexers\LexModula.cxx">
      <Filter>Lexilla\lexers</Filter>
    </ClCompile>
    <ClCompile Include="..\lexilla\lexers\LexMPT.cxx">
      <Filter>Lexilla\lexers</Filter>
    </ClCompile>
    <ClCompile Include="..\lexilla\lexers\LexMSSQL.cxx">
      <Filter>Lexilla\lexers</Filter>
    </ClCompile>
    <ClCompile Include="..\lexilla\lexers\LexMySQL.cxx">
      <Filter>Lexilla\lexers</Filter>
    </ClCompile>
    <ClCompile Include="..\lexilla\lexers\LexNim.cxx">
      <Filter>Lexilla\lexers</Filter>
    </ClCompile>
    <ClCompile Include="..\lexilla\lexers\LexNimrod.cxx">
      <Filter>Lexilla\lexers</Filter>
    </ClCompile>
    <ClCompile Include="..\lexilla\lexers\LexNsis.cxx">
      <Filter>Lexilla\lexers</Filter>
    </ClCompile>
    <ClCompile Include="..\lexilla\lexers\LexNull.cxx">
      <Filter>Lexilla\lexers</Filter>
    </ClCompile>
    <ClCompile Include="..\lexilla\lexers\LexOpal.cxx">
      <Filter>Lexilla\lexers</Filter>
    </ClCompile>
    <ClCompile Include="..\lexilla\lexers\LexOScript.cxx">
      <Filter>Lexilla\lexers</Filter>
    </ClCompile>
    <ClCompile Include="..\lexilla\lexers\LexPascal.cxx">
      <Filter>Lexilla\lexers</Filter>
    </ClCompile>
    <ClCompile Include="..\lexilla\lexers\LexPB.cxx">
      <Filter>Lexilla\lexers</Filter>
    </ClCompile>
    <ClCompile Include="..\lexilla\lexers\LexPerl.cxx">
      <Filter>Lexilla\lexers</Filter>
    </ClCompile>
    <ClCompile Include="..\lexilla\lexers\LexPLM.cxx">
      <Filter>Lexilla\lexers</Filter>
    </ClCompile>
    <ClCompile Include="..\lexilla\lexers\LexPO.cxx">
      <Filter>Lexilla\lexers</Filter>
    </ClCompile>
    <ClCompile Include="..\lexilla\lexers\LexPOV.cxx">
      <Filter>Lexilla\lexers</Filter>
    </ClCompile>
    <ClCompile Include="..\lexilla\lexers\LexPowerPro.cxx">
      <Filter>Lexilla\lexers</Filter>
    </ClCompile>
    <ClCompile Include="..\lexilla\lexers\LexPowerShell.cxx">
      <Filter>Lexilla\lexers</Filter>
    </ClCompile>
    <ClCompile Include="..\lexilla\lexers\LexProgress.cxx">
      <Filter>Lexilla\lexers</Filter>
    </ClCompile>
    <ClCompile Include="..\lexilla\lexers\LexProps.cxx">
      <Filter>Lexilla\lexers</Filter>
    </ClCompile>
    <ClCompile Include="..\lexilla\lexers\LexPS.cxx">
      <Filter>Lexilla\lexers</Filter>
    </ClCompile>
    <ClCompile Include="..\lexilla\lexers\LexPython.cxx">
      <Filter>Lexilla\lexers</Filter>
    </ClCompile>
    <ClCompile Include="..\lexilla\lexers\LexR.cxx">
      <Filter>Lexilla\lexers</Filter>
    </ClCompile>
    <ClCompile Include="..\lexilla\lexers\LexRaku.cxx">
      <Filter>Lexilla\lexers</Filter>
    </ClCompile>
    <ClCompile Include="..\lexilla\lexers\LexRebol.cxx">
      <Filter>Lexilla\lexers</Filter>
    </ClCompile>
    <ClCompile Include="..\lexilla\lexers\LexRegistry.cxx">
      <Filter>Lexilla\lexers</Filter>
    </ClCompile>
    <ClCompile Include="..\lexilla\lexers\LexRuby.cxx">
      <Filter>Lexilla\lexers</Filter>
    </ClCompile>
    <ClCompile Include="..\lexilla\lexers\LexRust.cxx">
      <Filter>Lexilla\lexers</Filter>
    </ClCompile>
    <ClCompile Include="..\lexilla\lexers\LexSAS.cxx">
      <Filter>Lexilla\lexers</Filter>
    </ClCompile>
    <ClCompile Include="..\lexilla\lexers\LexScriptol.cxx">
      <Filter>Lexilla\lexers</Filter>
    </ClCompile>
    <ClCompile Include="..\lexilla\lexers\LexSmalltalk.cxx">
      <Filter>Lexilla\lexers</Filter>
    </ClCompile>
    <ClCompile Include="..\lexilla\lexers\LexSML.cxx">
      <Filter>Lexilla\lexers</Filter>
    </ClCompile>
    <ClCompile Include="..\lexilla\lexers\LexSorcus.cxx">
      <Filter>Lexilla\lexers</Filter>
    </ClCompile>
    <ClCompile Include="..\lexilla\lexers\LexSpecman.cxx">
      <Filter>Lexilla\lexers</Filter>
    </ClCompile>
    <ClCompile Include="..\lexilla\lexers\LexSpice.cxx">
      <Filter>Lexilla\lexers</Filter>
    </ClCompile>
    <ClCompile Include="..\lexilla\lexlib\CharacterSet.cxx">
      <Filter>Lexilla\lexlib</Filter>
    </ClCompile>
    <ClCompile Include="..\lexilla\lexlib\DefaultLexer.cxx">
      <Filter>Lexilla\lexlib</Filter>
    </ClCompile>
    <ClCompile Include="..\lexilla\lexlib\LexerBase.cxx">
      <Filter>Lexilla\lexlib</Filter>
    </ClCompile>
    <ClCompile Include="..\lexilla\lexlib\LexerModule.cxx">
      <Filter>Lexilla\lexlib</Filter>
    </ClCompile>
    <ClCompile Include="..\lexilla\lexlib\LexerNoExceptions.cxx">
      <Filter>Lexilla\lexlib</Filter>
    </ClCompile>
    <ClCompile Include="..\lexilla\lexlib\LexerSimple.cxx">
      <Filter>Lexilla\lexlib</Filter>
    </ClCompile>
    <ClCompile Include="..\lexilla\lexlib\PropSetSimple.cxx">
      <Filter>Lexilla\lexlib</Filter>
    </ClCompile>
    <ClCompile Include="..\lexilla\lexlib\StyleContext.cxx">
      <Filter>Lexilla\lexlib</Filter>
    </ClCompile>
    <ClCompile Include="..\lexilla\lexlib\WordList.cxx">
      <Filter>Lexilla\lexlib</Filter>
    </ClCompile>
    <ClCompile Include="..\lexilla\lexlib\Accessor.cxx">
      <Filter>Lexilla\lexlib</Filter>
    </ClCompile>
    <ClCompile Include="..\lexilla\lexlib\CharacterCategory.cxx">
      <Filter>Lexilla\lexlib</Filter>
    </ClCompile>
    <ClCompile Include="..\lexilla\src\Lexilla.cxx">
      <Filter>Lexilla\src</Filter>
    </ClCompile>
    <ClCompile Include="src\ScintillaBase.cxx">
      <Filter>Scintilla\src</Filter>
    </ClCompile>
    <ClCompile Include="src\Selection.cxx">
      <Filter>Scintilla\src</Filter>
    </ClCompile>
    <ClCompile Include="src\Style.cxx">
      <Filter>Scintilla\src</Filter>
    </ClCompile>
    <ClCompile Include="src\UniConversion.cxx">
      <Filter>Scintilla\src</Filter>
    </ClCompile>
    <ClCompile Include="src\UniqueString.cxx">
      <Filter>Scintilla\src</Filter>
    </ClCompile>
    <ClCompile Include="src\ViewStyle.cxx">
      <Filter>Scintilla\src</Filter>
    </ClCompile>
    <ClCompile Include="src\XPM.cxx">
      <Filter>Scintilla\src</Filter>
    </ClCompile>
    <ClCompile Include="src\AutoComplete.cxx">
      <Filter>Scintilla\src</Filter>
    </ClCompile>
    <ClCompile Include="src\CallTip.cxx">
      <Filter>Scintilla\src</Filter>
    </ClCompile>
    <ClCompile Include="src\CaseConvert.cxx">
      <Filter>Scintilla\src</Filter>
    </ClCompile>
    <ClCompile Include="src\CaseFolder.cxx">
      <Filter>Scintilla\src</Filter>
    </ClCompile>
    <ClCompile Include="src\CellBuffer.cxx">
      <Filter>Scintilla\src</Filter>
    </ClCompile>
    <ClCompile Include="src\CharClassify.cxx">
      <Filter>Scintilla\src</Filter>
    </ClCompile>
    <ClCompile Include="src\ContractionState.cxx">
      <Filter>Scintilla\src</Filter>
    </ClCompile>
    <ClCompile Include="src\DBCS.cxx">
      <Filter>Scintilla\src</Filter>
    </ClCompile>
    <ClCompile Include="src\Decoration.cxx">
      <Filter>Scintilla\src</Filter>
    </ClCompile>
    <ClCompile Include="src\Document.cxx">
      <Filter>Scintilla\src</Filter>
    </ClCompile>
    <ClCompile Include="src\EditModel.cxx">
      <Filter>Scintilla\src</Filter>
    </ClCompile>
    <ClCompile Include="src\Editor.cxx">
      <Filter>Scintilla\src</Filter>
    </ClCompile>
    <ClCompile Include="src\EditView.cxx">
      <Filter>Scintilla\src</Filter>
    </ClCompile>
    <ClCompile Include="src\Geometry.cxx">
      <Filter>Scintilla\src</Filter>
    </ClCompile>
    <ClCompile Include="src\Indicator.cxx">
      <Filter>Scintilla\src</Filter>
    </ClCompile>
    <ClCompile Include="src\KeyMap.cxx">
      <Filter>Scintilla\src</Filter>
    </ClCompile>
    <ClCompile Include="src\LineMarker.cxx">
      <Filter>Scintilla\src</Filter>
    </ClCompile>
    <ClCompile Include="src\MarginView.cxx">
      <Filter>Scintilla\src</Filter>
    </ClCompile>
    <ClCompile Include="src\PerLine.cxx">
      <Filter>Scintilla\src</Filter>
    </ClCompile>
    <ClCompile Include="src\PositionCache.cxx">
      <Filter>Scintilla\src</Filter>
    </ClCompile>
    <ClCompile Include="src\RESearch.cxx">
      <Filter>Scintilla\src</Filter>
    </ClCompile>
    <ClCompile Include="src\RunStyles.cxx">
      <Filter>Scintilla\src</Filter>
    </ClCompile>
    <ClCompile Include="win32\ScintillaDLL.cxx">
      <Filter>Scintilla\win32</Filter>
    </ClCompile>
    <ClCompile Include="win32\ScintillaWin.cxx">
      <Filter>Scintilla\win32</Filter>
    </ClCompile>
    <ClCompile Include="win32\HanjaDic.cxx">
      <Filter>Scintilla\win32</Filter>
    </ClCompile>
    <ClCompile Include="win32\PlatWin.cxx">
      <Filter>Scintilla\win32</Filter>
    </ClCompile>
    <ClCompile Include="..\lexilla\lexers\LexJulia.cxx">
      <Filter>Lexilla\lexers</Filter>
    </ClCompile>
    <ClCompile Include="src\CharacterType.cxx">
      <Filter>Scintilla\src</Filter>
    </ClCompile>
    <ClCompile Include="src\CharacterCategoryMap.cxx">
      <Filter>Scintilla\src</Filter>
    </ClCompile>
    <ClCompile Include="..\lexilla\lexlib\LexAccessor.cxx">
      <Filter>Lexilla\lexlib</Filter>
    </ClCompile>
    <ClCompile Include="call\ScintillaCall.cxx">
      <Filter>Scintilla\call</Filter>
    </ClCompile>
    <ClCompile Include="..\lexilla\lexers\LexAsciidoc.cxx">
      <Filter>Lexilla\lexers</Filter>
    </ClCompile>
    <ClCompile Include="..\lexilla\lexers\LexGDScript.cxx">
      <Filter>Lexilla\lexers</Filter>
    </ClCompile>
  </ItemGroup>
  <ItemGroup>
    <None Include="..\lexilla\include\LexicalStyles.iface">
      <Filter>Lexilla\include</Filter>
    </None>
    <None Include="..\lexilla\src\Lexilla.def">
      <Filter>Lexilla\src</Filter>
    </None>
    <None Include="include\Scintilla.iface">
      <Filter>Scintilla\include</Filter>
    </None>
    <None Include="src\SciTE.properties">
      <Filter>Scintilla\src</Filter>
    </None>
    <None Include="win32\Scintilla.def">
      <Filter>Scintilla\win32</Filter>
    </None>
    <None Include="win32\SciTE.properties">
      <Filter>Scintilla\win32</Filter>
    </None>
  </ItemGroup>
  <ItemGroup>
    <ResourceCompile Include="win32\ScintRes.rc">
      <Filter>Scintilla\win32</Filter>
    </ResourceCompile>
  </ItemGroup>
</Project>