<?xml version="1.0" encoding="utf-8"?>
<Project ToolsVersion="4.0" xmlns="http://schemas.microsoft.com/developer/msbuild/2003">
  <ItemGroup>
    <Filter Include="Source Files">
      <UniqueIdentifier>{4FC737F1-C7A5-4376-A066-2A32D752A2FF}</UniqueIdentifier>
      <Extensions>cpp;c;cc;cxx;def;odl;idl;hpj;bat;asm;asmx</Extensions>
    </Filter>
    <Filter Include="Header Files">
      <UniqueIdentifier>{93995380-89BD-4b04-88EB-625FBE52EBFB}</UniqueIdentifier>
      <Extensions>h;hpp;hxx;hm;inl;inc;xsd</Extensions>
    </Filter>
    <Filter Include="Resource Files">
      <UniqueIdentifier>{67DA6AB6-F800-4c08-8B7A-83BB121AAD01}</UniqueIdentifier>
      <Extensions>rc;ico;cur;bmp;dlg;rc2;rct;bin;rgs;gif;jpg;jpeg;jpe;resx;tiff;tif;png;wav;mfcribbon-ms</Extensions>
    </Filter>
    <Filter Include="sktoolslib">
      <UniqueIdentifier>{c1a339fd-6b6d-475f-8108-4cfcc20b9520}</UniqueIdentifier>
    </Filter>
    <Filter Include="Commands">
      <UniqueIdentifier>{fe5ddb2d-59a6-4810-aa77-a50f53983490}</UniqueIdentifier>
    </Filter>
    <Filter Include="Scripting">
      <UniqueIdentifier>{3e5571ca-95e3-4a38-a26a-da71cf8f2554}</UniqueIdentifier>
    </Filter>
    <Filter Include="tinyexpr">
      <UniqueIdentifier>{ce722194-8b55-4561-bb01-c866d3a801cb}</UniqueIdentifier>
    </Filter>
    <Filter Include="Lexer">
      <UniqueIdentifier>{f9239f5e-a879-4435-a086-a6299f7d59a2}</UniqueIdentifier>
    </Filter>
  </ItemGroup>
  <ItemGroup>
    <ClInclude Include="stdafx.h">
      <Filter>Header Files</Filter>
    </ClInclude>
    <ClInclude Include="targetver.h">
      <Filter>Header Files</Filter>
    </ClInclude>
    <ClInclude Include="Resource.h">
      <Filter>Header Files</Filter>
    </ClInclude>
    <ClInclude Include="BowPad.h">
      <Filter>Header Files</Filter>
    </ClInclude>
    <ClInclude Include="MainWindow.h">
      <Filter>Header Files</Filter>
    </ClInclude>
    <ClInclude Include="..\ext\sktoolslib\SimpleIni.h">
      <Filter>sktoolslib</Filter>
    </ClInclude>
    <ClInclude Include="..\ext\sktoolslib\SmartHandle.h">
      <Filter>sktoolslib</Filter>
    </ClInclude>
    <ClInclude Include="..\ext\sktoolslib\SysInfo.h">
      <Filter>sktoolslib</Filter>
    </ClInclude>
    <ClInclude Include="..\ext\sktoolslib\AeroControls.h">
      <Filter>sktoolslib</Filter>
    </ClInclude>
    <ClInclude Include="..\ext\sktoolslib\AeroGlass.h">
      <Filter>sktoolslib</Filter>
    </ClInclude>
    <ClInclude Include="..\ext\sktoolslib\BaseDialog.h">
      <Filter>sktoolslib</Filter>
    </ClInclude>
    <ClInclude Include="..\ext\sktoolslib\BaseWindow.h">
      <Filter>sktoolslib</Filter>
    </ClInclude>
    <ClInclude Include="..\ext\sktoolslib\ClipboardHelper.h">
      <Filter>sktoolslib</Filter>
    </ClInclude>
    <ClInclude Include="..\ext\sktoolslib\CmdLineParser.h">
      <Filter>sktoolslib</Filter>
    </ClInclude>
    <ClInclude Include="..\ext\sktoolslib\CreateProcessHelper.h">
      <Filter>sktoolslib</Filter>
    </ClInclude>
    <ClInclude Include="..\ext\sktoolslib\DebugOutput.h">
      <Filter>sktoolslib</Filter>
    </ClInclude>
    <ClInclude Include="..\ext\sktoolslib\DlgResizer.h">
      <Filter>sktoolslib</Filter>
    </ClInclude>
    <ClInclude Include="..\ext\sktoolslib\FormatMessageWrapper.h">
      <Filter>sktoolslib</Filter>
    </ClInclude>
    <ClInclude Include="..\ext\sktoolslib\hyperlink.h">
      <Filter>sktoolslib</Filter>
    </ClInclude>
    <ClInclude Include="TabBar.h">
      <Filter>Header Files</Filter>
    </ClInclude>
    <ClInclude Include="ScintillaWnd.h">
      <Filter>Header Files</Filter>
    </ClInclude>
    <ClInclude Include="DocumentManager.h">
      <Filter>Header Files</Filter>
    </ClInclude>
    <ClInclude Include="..\ext\sktoolslib\Language.h">
      <Filter>sktoolslib</Filter>
    </ClInclude>
    <ClInclude Include="..\ext\sktoolslib\ResString.h">
      <Filter>sktoolslib</Filter>
    </ClInclude>
    <ClInclude Include="..\ext\sktoolslib\UnicodeUtils.h">
      <Filter>sktoolslib</Filter>
    </ClInclude>
    <ClInclude Include="..\ext\sktoolslib\StringUtils.h">
      <Filter>sktoolslib</Filter>
    </ClInclude>
    <ClInclude Include="MRU.h">
      <Filter>Header Files</Filter>
    </ClInclude>
    <ClInclude Include="Document.h">
      <Filter>Header Files</Filter>
    </ClInclude>
    <ClInclude Include="LexStyles.h">
      <Filter>Header Files</Filter>
    </ClInclude>
    <ClInclude Include="DocScroll.h">
      <Filter>Header Files</Filter>
    </ClInclude>
    <ClInclude Include="KeyboardShortcutHandler.h">
      <Filter>Header Files</Filter>
    </ClInclude>
    <ClInclude Include="Commands\CommandHandler.h">
      <Filter>Commands</Filter>
    </ClInclude>
    <ClInclude Include="Commands\ICommand.h">
      <Filter>Commands</Filter>
    </ClInclude>
    <ClInclude Include="Commands\CmdMRU.h">
      <Filter>Commands</Filter>
    </ClInclude>
    <ClInclude Include="Commands\CmdFiles.h">
      <Filter>Commands</Filter>
    </ClInclude>
    <ClInclude Include="Commands\CmdUndo.h">
      <Filter>Commands</Filter>
    </ClInclude>
    <ClInclude Include="Commands\CmdClipboard.h">
      <Filter>Commands</Filter>
    </ClInclude>
    <ClInclude Include="Commands\CmdLineWrap.h">
      <Filter>Commands</Filter>
    </ClInclude>
    <ClInclude Include="Commands\CmdWhiteSpace.h">
      <Filter>Commands</Filter>
    </ClInclude>
    <ClInclude Include="Commands\CmdLoadEncoding.h">
      <Filter>Commands</Filter>
    </ClInclude>
    <ClInclude Include="PropertySet.h">
      <Filter>Header Files</Filter>
    </ClInclude>
    <ClInclude Include="Commands\CmdCodeStyle.h">
      <Filter>Commands</Filter>
    </ClInclude>
    <ClInclude Include="Commands\CmdEOL.h">
      <Filter>Commands</Filter>
    </ClInclude>
    <ClInclude Include="Commands\CmdPrevNext.h">
      <Filter>Commands</Filter>
    </ClInclude>
    <ClInclude Include="Commands\CmdFindReplace.h">
      <Filter>Commands</Filter>
    </ClInclude>
    <ClInclude Include="..\ext\sktoolslib\IniSettings.h">
      <Filter>sktoolslib</Filter>
    </ClInclude>
    <ClInclude Include="AppUtils.h">
      <Filter>Header Files</Filter>
    </ClInclude>
    <ClInclude Include="Commands\CmdMisc.h">
      <Filter>Commands</Filter>
    </ClInclude>
    <ClInclude Include="Commands\CmdStyleConfigurator.h">
      <Filter>Commands</Filter>
    </ClInclude>
    <ClInclude Include="ColorButton.h">
      <Filter>Header Files</Filter>
    </ClInclude>
    <ClInclude Include="Commands\CmdVerticalEdge.h">
      <Filter>Commands</Filter>
    </ClInclude>
    <ClInclude Include="Commands\CmdComment.h">
      <Filter>Commands</Filter>
    </ClInclude>
    <ClInclude Include="Commands\CmdConvertCase.h">
      <Filter>Commands</Filter>
    </ClInclude>
    <ClInclude Include="Commands\CmdLines.h">
      <Filter>Commands</Filter>
    </ClInclude>
    <ClInclude Include="Commands\CmdPrint.h">
      <Filter>Commands</Filter>
    </ClInclude>
    <ClInclude Include="Commands\CmdGotoLine.h">
      <Filter>Commands</Filter>
    </ClInclude>
    <ClInclude Include="Commands\CmdSelectTab.h">
      <Filter>Commands</Filter>
    </ClInclude>
    <ClInclude Include="Commands\CmdBlanks.h">
      <Filter>Commands</Filter>
    </ClInclude>
    <ClInclude Include="..\ext\sktoolslib\PathUtils.h">
      <Filter>sktoolslib</Filter>
    </ClInclude>
    <ClInclude Include="Commands\CmdZoom.h">
      <Filter>Commands</Filter>
    </ClInclude>
    <ClInclude Include="..\ext\sktoolslib\PreserveChdir.h">
      <Filter>sktoolslib</Filter>
    </ClInclude>
    <ClInclude Include="Commands\CmdBookmarks.h">
      <Filter>Commands</Filter>
    </ClInclude>
    <ClInclude Include="..\ext\sktoolslib\ProgressDlg.h">
      <Filter>sktoolslib</Filter>
    </ClInclude>
    <ClInclude Include="AboutDlg.h">
      <Filter>Header Files</Filter>
    </ClInclude>
    <ClInclude Include="Theme.h">
      <Filter>Header Files</Filter>
    </ClInclude>
    <ClInclude Include="Commands\CmdRandom.h">
      <Filter>Commands</Filter>
    </ClInclude>
    <ClInclude Include="..\ext\sktoolslib\DirFileEnum.h">
      <Filter>sktoolslib</Filter>
    </ClInclude>
    <ClInclude Include="Commands\CmdLanguage.h">
      <Filter>Commands</Filter>
    </ClInclude>
    <ClInclude Include="version.h">
      <Filter>Header Files</Filter>
    </ClInclude>
    <ClInclude Include="UTF8DocumentIterator.h">
      <Filter>Header Files</Filter>
    </ClInclude>
    <ClInclude Include="Commands\CmdHeaderSource.h">
      <Filter>Commands</Filter>
    </ClInclude>
    <ClInclude Include="ChoseDlg.h">
      <Filter>Header Files</Filter>
    </ClInclude>
    <ClInclude Include="Commands\CmdLaunch.h">
      <Filter>Commands</Filter>
    </ClInclude>
    <ClInclude Include="..\ext\sktoolslib\EscapeUtils.h">
      <Filter>sktoolslib</Filter>
    </ClInclude>
    <ClInclude Include="Commands\CmdSession.h">
      <Filter>Commands</Filter>
    </ClInclude>
    <ClInclude Include="Commands\CmdFunctions.h">
      <Filter>Commands</Filter>
    </ClInclude>
    <ClInclude Include="Commands\CmdFont.h">
      <Filter>Commands</Filter>
    </ClInclude>
    <ClInclude Include="Commands\CmdOpenSelection.h">
      <Filter>Commands</Filter>
    </ClInclude>
    <ClInclude Include="EditorConfigHandler.h">
      <Filter>Header Files</Filter>
    </ClInclude>
    <ClInclude Include="Commands\CmdNewCopy.h">
      <Filter>Commands</Filter>
    </ClInclude>
    <ClInclude Include="Commands\CmdDefaultEncoding.h">
      <Filter>Commands</Filter>
    </ClInclude>
    <ClInclude Include="COMPtrs.h">
      <Filter>Header Files</Filter>
    </ClInclude>
    <ClInclude Include="BowPadUI.h">
      <Filter>Header Files</Filter>
    </ClInclude>
    <ClInclude Include="..\ext\sktoolslib\Registry.h">
      <Filter>sktoolslib</Filter>
    </ClInclude>
    <ClInclude Include="..\ext\sktoolslib\DownloadFile.h">
      <Filter>sktoolslib</Filter>
    </ClInclude>
    <ClInclude Include="..\ext\sktoolslib\TempFile.h">
      <Filter>sktoolslib</Filter>
    </ClInclude>
    <ClInclude Include="scripting\BasicScriptHost.h">
      <Filter>Scripting</Filter>
    </ClInclude>
    <ClInclude Include="scripting\BasicScriptObject.h">
      <Filter>Scripting</Filter>
    </ClInclude>
    <ClInclude Include="Commands\CmdScripts.h">
      <Filter>Commands</Filter>
    </ClInclude>
    <ClInclude Include="Commands\CmdPlugins.h">
      <Filter>Commands</Filter>
    </ClInclude>
    <ClInclude Include="Commands\CmdPluginsConfig.h">
      <Filter>Commands</Filter>
    </ClInclude>
    <ClInclude Include="Commands\cmdTabList.h">
      <Filter>Commands</Filter>
    </ClInclude>
    <ClInclude Include="Commands\CmdSort.h">
      <Filter>Commands</Filter>
    </ClInclude>
    <ClInclude Include="Commands\CmdSummary.h">
      <Filter>Commands</Filter>
    </ClInclude>
    <ClInclude Include="Commands\CmdLineNumbers.h">
      <Filter>Commands</Filter>
    </ClInclude>
    <ClInclude Include="..\ext\sktoolslib\DPIAware.h">
      <Filter>sktoolslib</Filter>
    </ClInclude>
    <ClInclude Include="..\ext\sktoolslib\OnOutOfScope.h">
      <Filter>sktoolslib</Filter>
    </ClInclude>
    <ClInclude Include="FileTree.h">
      <Filter>Header Files</Filter>
    </ClInclude>
    <ClInclude Include="..\ext\sktoolslib\SysImageList.h">
      <Filter>sktoolslib</Filter>
    </ClInclude>
    <ClInclude Include="Commands\CmdFolding.h">
      <Filter>Commands</Filter>
    </ClInclude>
    <ClInclude Include="Commands\CmdSpellcheck.h">
      <Filter>Commands</Filter>
    </ClInclude>
    <ClInclude Include="CorrespondingFileDlg.h">
      <Filter>Header Files</Filter>
    </ClInclude>
    <ClInclude Include="Commands\CmdGotoSymbol.h">
      <Filter>Commands</Filter>
    </ClInclude>
    <ClInclude Include="..\ext\sktoolslib\GDIHelpers.h">
      <Filter>sktoolslib</Filter>
    </ClInclude>
    <ClInclude Include="CustomTooltip.h">
      <Filter>Header Files</Filter>
    </ClInclude>
    <ClInclude Include="..\ext\sktoolslib\ScrollTool.h">
      <Filter>sktoolslib</Filter>
    </ClInclude>
    <ClInclude Include="..\ext\sktoolslib\RichStatusBar.h">
      <Filter>sktoolslib</Filter>
    </ClInclude>
    <ClInclude Include="..\ext\sktoolslib\AnimationManager.h">
      <Filter>sktoolslib</Filter>
    </ClInclude>
    <ClInclude Include="..\ext\sktoolslib\JumpListHelpers.h">
      <Filter>sktoolslib</Filter>
    </ClInclude>
    <ClInclude Include="..\ext\sktoolslib\Windows10Colors.h">
      <Filter>sktoolslib</Filter>
    </ClInclude>
    <ClInclude Include="..\ext\sktoolslib\DarkModeHelper.h">
      <Filter>sktoolslib</Filter>
    </ClInclude>
    <ClInclude Include="..\ext\tinyexpr\tinyexpr.h">
      <Filter>tinyexpr</Filter>
    </ClInclude>
    <ClInclude Include="Commands\CmdRegexCapture.h">
      <Filter>Commands</Filter>
    </ClInclude>
    <ClInclude Include="BPBaseDialog.h">
      <Filter>Header Files</Filter>
    </ClInclude>
    <ClInclude Include="Commands\CmdEditSelection.h">
      <Filter>Commands</Filter>
    </ClInclude>
    <ClInclude Include="..\ext\scintilla\include\Scintilla.h">
      <Filter>Header Files</Filter>
    </ClInclude>
    <ClInclude Include="CommandPaletteDlg.h">
      <Filter>Header Files</Filter>
    </ClInclude>
    <ClInclude Include="ProgressBar.h">
      <Filter>Header Files</Filter>
    </ClInclude>
    <ClInclude Include="TabBtn.h">
      <Filter>Header Files</Filter>
    </ClInclude>
    <ClInclude Include="..\ext\sktoolslib\Monitor.h">
      <Filter>sktoolslib</Filter>
    </ClInclude>
    <ClInclude Include="..\ext\sktoolslib\Hash.h">
      <Filter>sktoolslib</Filter>
    </ClInclude>
    <ClInclude Include="UICollection.h">
      <Filter>Header Files</Filter>
    </ClInclude>
    <ClInclude Include="AutoComplete.h">
      <Filter>Header Files</Filter>
    </ClInclude>
    <ClInclude Include="SettingsDlg.h">
      <Filter>Header Files</Filter>
    </ClInclude>
    <ClInclude Include="PathWatcher.h">
      <Filter>Header Files</Filter>
    </ClInclude>
    <ClInclude Include="..\ext\sktoolslib\InfoRtfDialog.h">
      <Filter>sktoolslib</Filter>
    </ClInclude>
    <ClInclude Include="SciTextReader.h">
      <Filter>Header Files</Filter>
    </ClInclude>
    <ClInclude Include="..\ext\sktoolslib\AutoCloakWindow.h">
      <Filter>sktoolslib</Filter>
    </ClInclude>
  </ItemGroup>
  <ItemGroup>
    <ClCompile Include="stdafx.cpp">
      <Filter>Source Files</Filter>
    </ClCompile>
    <ClCompile Include="BowPad.cpp">
      <Filter>Source Files</Filter>
    </ClCompile>
    <ClCompile Include="MainWindow.cpp">
      <Filter>Source Files</Filter>
    </ClCompile>
    <ClCompile Include="..\ext\sktoolslib\SysInfo.cpp">
      <Filter>sktoolslib</Filter>
    </ClCompile>
    <ClCompile Include="..\ext\sktoolslib\AeroControls.cpp">
      <Filter>sktoolslib</Filter>
    </ClCompile>
    <ClCompile Include="..\ext\sktoolslib\AeroGlass.cpp">
      <Filter>sktoolslib</Filter>
    </ClCompile>
    <ClCompile Include="..\ext\sktoolslib\BaseDialog.cpp">
      <Filter>sktoolslib</Filter>
    </ClCompile>
    <ClCompile Include="..\ext\sktoolslib\BaseWindow.cpp">
      <Filter>sktoolslib</Filter>
    </ClCompile>
    <ClCompile Include="..\ext\sktoolslib\CmdLineParser.cpp">
      <Filter>sktoolslib</Filter>
    </ClCompile>
    <ClCompile Include="..\ext\sktoolslib\DebugOutput.cpp">
      <Filter>sktoolslib</Filter>
    </ClCompile>
    <ClCompile Include="..\ext\sktoolslib\DlgResizer.cpp">
      <Filter>sktoolslib</Filter>
    </ClCompile>
    <ClCompile Include="..\ext\sktoolslib\hyperlink.cpp">
      <Filter>sktoolslib</Filter>
    </ClCompile>
    <ClCompile Include="TabBar.cpp">
      <Filter>Source Files</Filter>
    </ClCompile>
    <ClCompile Include="ScintillaWnd.cpp">
      <Filter>Source Files</Filter>
    </ClCompile>
    <ClCompile Include="DocumentManager.cpp">
      <Filter>Source Files</Filter>
    </ClCompile>
    <ClCompile Include="..\ext\sktoolslib\Language.cpp">
      <Filter>sktoolslib</Filter>
    </ClCompile>
    <ClCompile Include="..\ext\sktoolslib\UnicodeUtils.cpp">
      <Filter>sktoolslib</Filter>
    </ClCompile>
    <ClCompile Include="..\ext\sktoolslib\StringUtils.cpp">
      <Filter>sktoolslib</Filter>
    </ClCompile>
    <ClCompile Include="MRU.cpp">
      <Filter>Source Files</Filter>
    </ClCompile>
    <ClCompile Include="LexStyles.cpp">
      <Filter>Source Files</Filter>
    </ClCompile>
    <ClCompile Include="Document.cpp">
      <Filter>Source Files</Filter>
    </ClCompile>
    <ClCompile Include="DocScroll.cpp">
      <Filter>Source Files</Filter>
    </ClCompile>
    <ClCompile Include="KeyboardShortcutHandler.cpp">
      <Filter>Source Files</Filter>
    </ClCompile>
    <ClCompile Include="Commands\ICommand.cpp">
      <Filter>Commands</Filter>
    </ClCompile>
    <ClCompile Include="Commands\CommandHandler.cpp">
      <Filter>Commands</Filter>
    </ClCompile>
    <ClCompile Include="Commands\CmdFiles.cpp">
      <Filter>Commands</Filter>
    </ClCompile>
    <ClCompile Include="Commands\CmdLoadEncoding.cpp">
      <Filter>Commands</Filter>
    </ClCompile>
    <ClCompile Include="PropertySet.cpp">
      <Filter>Source Files</Filter>
    </ClCompile>
    <ClCompile Include="Commands\CmdCodeStyle.cpp">
      <Filter>Commands</Filter>
    </ClCompile>
    <ClCompile Include="Commands\CmdPrevNext.cpp">
      <Filter>Commands</Filter>
    </ClCompile>
    <ClCompile Include="Commands\CmdFindReplace.cpp">
      <Filter>Commands</Filter>
    </ClCompile>
    <ClCompile Include="..\ext\sktoolslib\IniSettings.cpp">
      <Filter>sktoolslib</Filter>
    </ClCompile>
    <ClCompile Include="AppUtils.cpp">
      <Filter>Source Files</Filter>
    </ClCompile>
    <ClCompile Include="Commands\CmdStyleConfigurator.cpp">
      <Filter>Commands</Filter>
    </ClCompile>
    <ClCompile Include="ColorButton.cpp">
      <Filter>Source Files</Filter>
    </ClCompile>
    <ClCompile Include="Commands\CmdComment.cpp">
      <Filter>Commands</Filter>
    </ClCompile>
    <ClCompile Include="Commands\CmdConvertCase.cpp">
      <Filter>Commands</Filter>
    </ClCompile>
    <ClCompile Include="Commands\CmdPrint.cpp">
      <Filter>Commands</Filter>
    </ClCompile>
    <ClCompile Include="Commands\CmdGotoLine.cpp">
      <Filter>Commands</Filter>
    </ClCompile>
    <ClCompile Include="Commands\CmdBlanks.cpp">
      <Filter>Commands</Filter>
    </ClCompile>
    <ClCompile Include="..\ext\sktoolslib\PathUtils.cpp">
      <Filter>sktoolslib</Filter>
    </ClCompile>
    <ClCompile Include="..\ext\sktoolslib\PreserveChdir.cpp">
      <Filter>sktoolslib</Filter>
    </ClCompile>
    <ClCompile Include="..\ext\sktoolslib\ProgressDlg.cpp">
      <Filter>sktoolslib</Filter>
    </ClCompile>
    <ClCompile Include="AboutDlg.cpp">
      <Filter>Source Files</Filter>
    </ClCompile>
    <ClCompile Include="Theme.cpp">
      <Filter>Source Files</Filter>
    </ClCompile>
    <ClCompile Include="..\ext\sktoolslib\DirFileEnum.cpp">
      <Filter>sktoolslib</Filter>
    </ClCompile>
    <ClCompile Include="Commands\CmdLanguage.cpp">
      <Filter>Commands</Filter>
    </ClCompile>
    <ClCompile Include="ChoseDlg.cpp">
      <Filter>Source Files</Filter>
    </ClCompile>
    <ClCompile Include="..\ext\sktoolslib\EscapeUtils.cpp">
      <Filter>sktoolslib</Filter>
    </ClCompile>
    <ClCompile Include="Commands\CmdLaunch.cpp">
      <Filter>Commands</Filter>
    </ClCompile>
    <ClCompile Include="Commands\CmdFunctions.cpp">
      <Filter>Commands</Filter>
    </ClCompile>
    <ClCompile Include="EditorConfigHandler.cpp">
      <Filter>Source Files</Filter>
    </ClCompile>
    <ClCompile Include="Commands\CmdDefaultEncoding.cpp">
      <Filter>Commands</Filter>
    </ClCompile>
    <ClCompile Include="..\ext\sktoolslib\Registry.cpp">
      <Filter>sktoolslib</Filter>
    </ClCompile>
    <ClCompile Include="..\ext\sktoolslib\DownloadFile.cpp">
      <Filter>sktoolslib</Filter>
    </ClCompile>
    <ClCompile Include="..\ext\sktoolslib\TempFile.cpp">
      <Filter>sktoolslib</Filter>
    </ClCompile>
    <ClCompile Include="scripting\BasicScriptHost.cpp">
      <Filter>Scripting</Filter>
    </ClCompile>
    <ClCompile Include="scripting\BasicScriptObject.cpp">
      <Filter>Scripting</Filter>
    </ClCompile>
    <ClCompile Include="Commands\CmdPlugins.cpp">
      <Filter>Commands</Filter>
    </ClCompile>
    <ClCompile Include="Commands\CmdPluginsConfig.cpp">
      <Filter>Commands</Filter>
    </ClCompile>
    <ClCompile Include="Commands\CmdScripts.cpp">
      <Filter>Commands</Filter>
    </ClCompile>
    <ClCompile Include="Commands\CmdHeaderSource.cpp">
      <Filter>Commands</Filter>
    </ClCompile>
    <ClCompile Include="Commands\cmdTabList.cpp">
      <Filter>Commands</Filter>
    </ClCompile>
    <ClCompile Include="Commands\CmdBookmarks.cpp">
      <Filter>Commands</Filter>
    </ClCompile>
    <ClCompile Include="Commands\CmdSession.cpp">
      <Filter>Commands</Filter>
    </ClCompile>
    <ClCompile Include="Commands\CmdRandom.cpp">
      <Filter>Commands</Filter>
    </ClCompile>
    <ClCompile Include="Commands\CmdNewCopy.cpp">
      <Filter>Commands</Filter>
    </ClCompile>
    <ClCompile Include="Commands\CmdClipboard.cpp">
      <Filter>Commands</Filter>
    </ClCompile>
    <ClCompile Include="Commands\CmdOpenSelection.cpp">
      <Filter>Commands</Filter>
    </ClCompile>
    <ClCompile Include="Commands\CmdMRU.cpp">
      <Filter>Commands</Filter>
    </ClCompile>
    <ClCompile Include="Commands\CmdSort.cpp">
      <Filter>Commands</Filter>
    </ClCompile>
    <ClCompile Include="Commands\CmdEOL.cpp">
      <Filter>Commands</Filter>
    </ClCompile>
    <ClCompile Include="Commands\CmdMisc.cpp">
      <Filter>Commands</Filter>
    </ClCompile>
    <ClCompile Include="Commands\CmdWhiteSpace.cpp">
      <Filter>Commands</Filter>
    </ClCompile>
    <ClCompile Include="Commands\CmdFont.cpp">
      <Filter>Commands</Filter>
    </ClCompile>
    <ClCompile Include="Commands\CmdSummary.cpp">
      <Filter>Commands</Filter>
    </ClCompile>
    <ClCompile Include="FileTree.cpp">
      <Filter>Source Files</Filter>
    </ClCompile>
    <ClCompile Include="..\ext\sktoolslib\SysImageList.cpp">
      <Filter>sktoolslib</Filter>
    </ClCompile>
    <ClCompile Include="Commands\CmdFolding.cpp">
      <Filter>Commands</Filter>
    </ClCompile>
    <ClCompile Include="Commands\CmdSpellcheck.cpp">
      <Filter>Commands</Filter>
    </ClCompile>
    <ClCompile Include="..\ext\sktoolslib\BrowseFolder.cpp">
      <Filter>sktoolslib</Filter>
    </ClCompile>
    <ClCompile Include="CorrespondingFileDlg.cpp">
      <Filter>Source Files</Filter>
    </ClCompile>
    <ClCompile Include="Commands\CmdGotoSymbol.cpp">
      <Filter>Commands</Filter>
    </ClCompile>
    <ClCompile Include="TabBtn.cpp">
      <Filter>Source Files</Filter>
    </ClCompile>
    <ClCompile Include="..\ext\sktoolslib\GDIHelpers.cpp">
      <Filter>sktoolslib</Filter>
    </ClCompile>
    <ClCompile Include="ProgressBar.cpp">
      <Filter>Source Files</Filter>
    </ClCompile>
    <ClCompile Include="CustomTooltip.cpp">
      <Filter>Source Files</Filter>
    </ClCompile>
    <ClCompile Include="..\ext\sktoolslib\ScrollTool.cpp">
      <Filter>sktoolslib</Filter>
    </ClCompile>
    <ClCompile Include="..\ext\sktoolslib\RichStatusBar.cpp">
      <Filter>sktoolslib</Filter>
    </ClCompile>
    <ClCompile Include="..\ext\sktoolslib\AnimationManager.cpp">
      <Filter>sktoolslib</Filter>
    </ClCompile>
    <ClCompile Include="..\ext\sktoolslib\JumpListHelpers.cpp">
      <Filter>sktoolslib</Filter>
    </ClCompile>
    <ClCompile Include="..\ext\sktoolslib\Windows10Colors.cpp">
      <Filter>sktoolslib</Filter>
    </ClCompile>
    <ClCompile Include="..\ext\sktoolslib\DarkModeHelper.cpp">
      <Filter>sktoolslib</Filter>
    </ClCompile>
    <ClCompile Include="..\ext\tinyexpr\tinyexpr.c">
      <Filter>tinyexpr</Filter>
    </ClCompile>
    <ClCompile Include="CustomLexers\LexSimple.cxx">
      <Filter>Lexer</Filter>
    </ClCompile>
    <ClCompile Include="Commands\CmdRegexCapture.cpp">
      <Filter>Commands</Filter>
    </ClCompile>
    <ClCompile Include="BPBaseDialog.cpp">
      <Filter>Source Files</Filter>
    </ClCompile>
    <ClCompile Include="Commands\CmdEditSelection.cpp">
      <Filter>Commands</Filter>
    </ClCompile>
    <ClCompile Include="CustomLexers\LexLog.cxx">
      <Filter>Lexer</Filter>
    </ClCompile>
    <ClCompile Include="CommandPaletteDlg.cpp">
      <Filter>Source Files</Filter>
    </ClCompile>
    <ClCompile Include="..\ext\sktoolslib\Hash.cpp">
      <Filter>sktoolslib</Filter>
    </ClCompile>
    <ClCompile Include="..\ext\sktoolslib\Monitor.cpp">
      <Filter>sktoolslib</Filter>
    </ClCompile>
    <ClCompile Include="UICollection.cpp">
      <Filter>Source Files</Filter>
    </ClCompile>
    <ClCompile Include="Commands\CmdSelectTab.cpp">
      <Filter>Commands</Filter>
    </ClCompile>
    <ClCompile Include="AutoComplete.cpp">
      <Filter>Source Files</Filter>
    </ClCompile>
    <ClCompile Include="SettingsDlg.cpp">
      <Filter>Source Files</Filter>
    </ClCompile>
    <ClCompile Include="CustomLexers\LexSnippets.cxx">
      <Filter>Lexer</Filter>
    </ClCompile>
    <ClCompile Include="PathWatcher.cpp">
      <Filter>Source Files</Filter>
    </ClCompile>
    <ClCompile Include="..\ext\sktoolslib\InfoRtfDialog.cpp">
      <Filter>sktoolslib</Filter>
    </ClCompile>
    <ClCompile Include="CustomLexers\LexAHK.cxx">
      <Filter>Lexer</Filter>
    </ClCompile>
    <ClCompile Include="..\ext\sktoolslib\AutoCloakWindow.cpp">
      <Filter>sktoolslib</Filter>
    </ClCompile>
  </ItemGroup>
  <ItemGroup>
    <ResourceCompile Include="BowPad.rc">
      <Filter>Resource Files</Filter>
    </ResourceCompile>
  </ItemGroup>
  <ItemGroup>
    <Image Include="res\closeTabButton.bmp">
      <Filter>Resource Files</Filter>
    </Image>
    <Image Include="res\closeTabButton_hover.bmp">
      <Filter>Resource Files</Filter>
    </Image>
    <Image Include="res\closeTabButton_inact.bmp">
      <Filter>Resource Files</Filter>
    </Image>
    <Image Include="res\closeTabButton_push.bmp">
      <Filter>Resource Files</Filter>
    </Image>
    <Image Include="res\readonly.ico">
      <Filter>Resource Files</Filter>
    </Image>
    <Image Include="res\saved.ico">
      <Filter>Resource Files</Filter>
    </Image>
    <Image Include="res\unsaved.ico">
      <Filter>Resource Files</Filter>
    </Image>
    <Image Include="res\empty.bmp">
      <Filter>Resource Files</Filter>
    </Image>
    <Image Include="res\BowPad_elevated.ico">
      <Filter>Resource Files</Filter>
    </Image>
    <Image Include="res\BowPad.ico">
      <Filter>Resource Files</Filter>
    </Image>
    <Image Include="res\Shield.ico">
      <Filter>Resource Files</Filter>
    </Image>
    <Image Include="res\BowPadDoc.ico">
      <Filter>Resource Files</Filter>
    </Image>
    <Image Include="res\capslock.ico">
      <Filter>Resource Files</Filter>
    </Image>
    <Image Include="res\lexer.ico">
      <Filter>Resource Files</Filter>
    </Image>
    <Image Include="res\zoom.ico">
      <Filter>Resource Files</Filter>
    </Image>
    <Image Include="res\zoomdark.ico">
      <Filter>Resource Files</Filter>
    </Image>
    <Image Include="res\empty.ico">
      <Filter>Resource Files</Filter>
    </Image>
    <Image Include="res\EditorConfigActive.ico">
      <Filter>Resource Files</Filter>
    </Image>
    <Image Include="res\EditorConfigInactive.ico">
      <Filter>Resource Files</Filter>
    </Image>
    <Image Include="res\code.ico">
      <Filter>Resource Files</Filter>
    </Image>
    <Image Include="res\file.ico">
      <Filter>Resource Files</Filter>
    </Image>
    <Image Include="res\snippet.ico">
      <Filter>Resource Files</Filter>
    </Image>
    <Image Include="res\word.ico">
      <Filter>Resource Files</Filter>
    </Image>
  </ItemGroup>
  <ItemGroup>
    <CustomBuild Include="res\BowPad.xml" />
  </ItemGroup>
  <ItemGroup>
    <None Include="res\drag.cur">
      <Filter>Resource Files</Filter>
    </None>
    <None Include="res\drag_interdit.cur">
      <Filter>Resource Files</Filter>
    </None>
    <None Include="res\drag_out.cur">
      <Filter>Resource Files</Filter>
    </None>
    <None Include="res\drag_plus.cur">
      <Filter>Resource Files</Filter>
    </None>
    <None Include="res\Properties.ini" />
    <None Include="res\Shortcuts.ini" />
    <None Include="res\BowPad.rc2">
      <Filter>Resource Files</Filter>
    </None>
    <None Include="version.in">
      <Filter>Header Files</Filter>
    </None>
    <None Include="res\darktheme.ini" />
    <None Include="res\dropcopy.cur">
      <Filter>Resource Files</Filter>
    </None>
    <None Include="res\dropmove.cur">
      <Filter>Resource Files</Filter>
    </None>
    <None Include="res\Shortcuts-internal.ini" />
    <None Include="res\AutoComplete.ini" />
    <None Include="scripting\constants.js">
      <Filter>Scripting</Filter>
    </None>
    <None Include="res\regexHelp.rtf" />
  </ItemGroup>
  <ItemGroup>
    <Manifest Include="compatibility.manifest">
      <Filter>Resource Files</Filter>
    </Manifest>
  </ItemGroup>
</Project>